
Microsoft Visual Studio Solution File, Format Version 12.00
# Visual Studio Version 16
VisualStudioVersion = 16.0.29806.167
MinimumVisualStudioVersion = 10.0.40219.1
Project("{8BC9CEB8-8B4A-11D0-8D11-00A0C91BC942}") = "AddDlgExample", "AddDlgExample\AddDlgExample.vcxproj", "{DA684D36-C0F5-49DD-BD82-D672C3FA859D}"
EndProject
Project("{8BC9CEB8-8B4A-11D0-8D11-00A0C91BC942}") = "AddDlgExample2", "AddDlgExample2\AddDlgExample2.vcxproj", "{2D0AFD0B-294F-4648-AB0C-E049FEEA9872}"
EndProject
Global
	GlobalSection(SolutionConfigurationPlatforms) = preSolution
		Debug|x64 = Debug|x64
		Debug|x86 = Debug|x86
		Release|x64 = Release|x64
		Release|x86 = Release|x86
	EndGlobalSection
	GlobalSection(ProjectConfigurationPlatforms) = postSolution
		{DA684D36-C0F5-49DD-BD82-D672C3FA859D}.Debug|x64.ActiveCfg = Debug|x64
		{DA684D36-C0F5-49DD-BD82-D672C3FA859D}.Debug|x64.Build.0 = Debug|x64
		{DA684D36-C0F5-49DD-BD82-D672C3FA859D}.Debug|x86.ActiveCfg = Debug|Win32
		{DA684D36-C0F5-49DD-BD82-D672C3FA859D}.Debug|x86.Build.0 = Debug|Win32
		{DA684D36-C0F5-49DD-BD82-D672C3FA859D}.Release|x64.ActiveCfg = Release|x64
		{DA684D36-C0F5-49DD-BD82-D672C3FA859D}.Release|x64.Build.0 = Release|x64
		{DA684D36-C0F5-49DD-BD82-D672C3FA859D}.Release|x86.ActiveCfg = Release|Win32
		{DA684D36-C0F5-49DD-BD82-D672C3FA859D}.Release|x86.Build.0 = Release|Win32
		{2D0AFD0B-294F-4648-AB0C-E049FEEA9872}.Debug|x64.ActiveCfg = Debug|x64
		{2D0AFD0B-294F-4648-AB0C-E049FEEA9872}.Debug|x64.Build.0 = Debug|x64
		{2D0AFD0B-294F-4648-AB0C-E049FEEA9872}.Debug|x86.ActiveCfg = Debug|Win32
		{2D0AFD0B-294F-4648-AB0C-E049FEEA9872}.Debug|x86.Build.0 = Debug|Win32
		{2D0AFD0B-294F-4648-AB0C-E049FEEA9872}.Release|x64.ActiveCfg = Release|x64
		{2D0AFD0B-294F-4648-AB0C-E049FEEA9872}.Release|x64.Build.0 = Release|x64
		{2D0AFD0B-294F-4648-AB0C-E049FEEA9872}.Release|x86.ActiveCfg = Release|Win32
		{2D0AFD0B-294F-4648-AB0C-E049FEEA9872}.Release|x86.Build.0 = Release|Win32
	EndGlobalSection
	GlobalSection(SolutionProperties) = preSolution
		HideSolutionNode = FALSE
	EndGlobalSection
	GlobalSection(ExtensibilityGlobals) = postSolution
		SolutionGuid = {F64657B7-93F0-4A94-9191-EBF389ECC841}
	EndGlobalSection
EndGlobal
